// !$*UTF8*$!
{
	archiveVersion = 1;
	classes = {
	};
	objectVersion = 50;
	objects = {

/* Begin PBXBuildFile section */
		DA8F376125067B9B0091F3B0 /* AppDelegate.swift in Sources */ = {isa = PBXBuildFile; fileRef = DA8F376025067B9B0091F3B0 /* AppDelegate.swift */; };
		DA8F376325067B9B0091F3B0 /* SceneDelegate.swift in Sources */ = {isa = PBXBuildFile; fileRef = DA8F376225067B9B0091F3B0 /* SceneDelegate.swift */; };
		DA8F376525067B9B0091F3B0 /* ContentView.swift in Sources */ = {isa = PBXBuildFile; fileRef = DA8F376425067B9B0091F3B0 /* ContentView.swift */; };
		DA8F376725067B9B0091F3B0 /* Assets.xcassets in Resources */ = {isa = PBXBuildFile; fileRef = DA8F376625067B9B0091F3B0 /* Assets.xcassets */; };
		DA8F376A25067B9B0091F3B0 /* Preview Assets.xcassets in Resources */ = {isa = PBXBuildFile; fileRef = DA8F376925067B9B0091F3B0 /* Preview Assets.xcassets */; };
		DA8F376D25067B9B0091F3B0 /* LaunchScreen.storyboard in Resources */ = {isa = PBXBuildFile; fileRef = DA8F376B25067B9B0091F3B0 /* LaunchScreen.storyboard */; };
		DA8F377525067BBF0091F3B0 /* SoundStudio.swift in Sources */ = {isa = PBXBuildFile; fileRef = DA8F377425067BBF0091F3B0 /* SoundStudio.swift */; };
		DA8F377925067C020091F3B0 /* Flying Home.m4a in Resources */ = {isa = PBXBuildFile; fileRef = DA8F377625067C020091F3B0 /* Flying Home.m4a */; };
		DA8F377A25067C020091F3B0 /* Mushroom Picker Dance.mp3 in Resources */ = {isa = PBXBuildFile; fileRef = DA8F377725067C020091F3B0 /* Mushroom Picker Dance.mp3 */; };
		DA8F377B25067C020091F3B0 /* So Hard To Say Goodbye.m4a in Resources */ = {isa = PBXBuildFile; fileRef = DA8F377825067C020091F3B0 /* So Hard To Say Goodbye.m4a */; };
		DA8F377D250687770091F3B0 /* ButtonStyles.swift in Sources */ = {isa = PBXBuildFile; fileRef = DA8F377C250687770091F3B0 /* ButtonStyles.swift */; };
		DA8F377F2506912F0091F3B0 /* PlayerView.swift in Sources */ = {isa = PBXBuildFile; fileRef = DA8F377E2506912F0091F3B0 /* PlayerView.swift */; };
/* End PBXBuildFile section */

/* Begin PBXFileReference section */
		DA8F375D25067B9B0091F3B0 /* ToggleMeOut.app */ = {isa = PBXFileReference; explicitFileType = wrapper.application; includeInIndex = 0; path = ToggleMeOut.app; sourceTree = BUILT_PRODUCTS_DIR; };
		DA8F376025067B9B0091F3B0 /* AppDelegate.swift */ = {isa = PBXFileReference; lastKnownFileType = sourcecode.swift; path = AppDelegate.swift; sourceTree = "<group>"; };
		DA8F376225067B9B0091F3B0 /* SceneDelegate.swift */ = {isa = PBXFileReference; lastKnownFileType = sourcecode.swift; path = SceneDelegate.swift; sourceTree = "<group>"; };
		DA8F376425067B9B0091F3B0 /* ContentView.swift */ = {isa = PBXFileReference; lastKnownFileType = sourcecode.swift; path = ContentView.swift; sourceTree = "<group>"; };
		DA8F376625067B9B0091F3B0 /* Assets.xcassets */ = {isa = PBXFileReference; lastKnownFileType = folder.assetcatalog; path = Assets.xcassets; sourceTree = "<group>"; };
		DA8F376925067B9B0091F3B0 /* Preview Assets.xcassets */ = {isa = PBXFileReference; lastKnownFileType = folder.assetcatalog; path = "Preview Assets.xcassets"; sourceTree = "<group>"; };
		DA8F376C25067B9B0091F3B0 /* Base */ = {isa = PBXFileReference; lastKnownFileType = file.storyboard; name = Base; path = Base.lproj/LaunchScreen.storyboard; sourceTree = "<group>"; };
		DA8F376E25067B9B0091F3B0 /* Info.plist */ = {isa = PBXFileReference; lastKnownFileType = text.plist.xml; path = Info.plist; sourceTree = "<group>"; };
		DA8F377425067BBF0091F3B0 /* SoundStudio.swift */ = {isa = PBXFileReference; lastKnownFileType = sourcecode.swift; name = SoundStudio.swift; path = ToggleMeOut/SoundStudio.swift; sourceTree = SOURCE_ROOT; };
		DA8F377625067C020091F3B0 /* Flying Home.m4a */ = {isa = PBXFileReference; lastKnownFileType = file; path = "Flying Home.m4a"; sourceTree = "<group>"; };
		DA8F377725067C020091F3B0 /* Mushroom Picker Dance.mp3 */ = {isa = PBXFileReference; lastKnownFileType = audio.mp3; path = "Mushroom Picker Dance.mp3"; sourceTree = "<group>"; };
		DA8F377825067C020091F3B0 /* So Hard To Say Goodbye.m4a */ = {isa = PBXFileReference; lastKnownFileType = file; path = "So Hard To Say Goodbye.m4a"; sourceTree = "<group>"; };
		DA8F377C250687770091F3B0 /* ButtonStyles.swift */ = {isa = PBXFileReference; lastKnownFileType = sourcecode.swift; path = ButtonStyles.swift; sourceTree = "<group>"; };
		DA8F377E2506912F0091F3B0 /* PlayerView.swift */ = {isa = PBXFileReference; lastKnownFileType = sourcecode.swift; path = PlayerView.swift; sourceTree = "<group>"; };
/* End PBXFileReference section */

/* Begin PBXFrameworksBuildPhase section */
		DA8F375A25067B9B0091F3B0 /* Frameworks */ = {
			isa = PBXFrameworksBuildPhase;
			buildActionMask = 2147483647;
			files = (
			);
			runOnlyForDeploymentPostprocessing = 0;
		};
/* End PBXFrameworksBuildPhase section */

/* Begin PBXGroup section */
		DA8F375425067B9B0091F3B0 = {
			isa = PBXGroup;
			children = (
				DA8F375F25067B9B0091F3B0 /* ToggleMeOut */,
				DA8F375E25067B9B0091F3B0 /* Products */,
			);
			sourceTree = "<group>";
		};
		DA8F375E25067B9B0091F3B0 /* Products */ = {
			isa = PBXGroup;
			children = (
				DA8F375D25067B9B0091F3B0 /* ToggleMeOut.app */,
			);
			name = Products;
			sourceTree = "<group>";
		};
		DA8F375F25067B9B0091F3B0 /* ToggleMeOut */ = {
			isa = PBXGroup;
			children = (
				DA8F377625067C020091F3B0 /* Flying Home.m4a */,
				DA8F377725067C020091F3B0 /* Mushroom Picker Dance.mp3 */,
				DA8F377825067C020091F3B0 /* So Hard To Say Goodbye.m4a */,
				DA8F377425067BBF0091F3B0 /* SoundStudio.swift */,
				DA8F376025067B9B0091F3B0 /* AppDelegate.swift */,
				DA8F376225067B9B0091F3B0 /* SceneDelegate.swift */,
				DA8F376425067B9B0091F3B0 /* ContentView.swift */,
				DA8F377E2506912F0091F3B0 /* PlayerView.swift */,
				DA8F377C250687770091F3B0 /* ButtonStyles.swift */,
				DA8F376625067B9B0091F3B0 /* Assets.xcassets */,
				DA8F376B25067B9B0091F3B0 /* LaunchScreen.storyboard */,
				DA8F376E25067B9B0091F3B0 /* Info.plist */,
				DA8F376825067B9B0091F3B0 /* Preview Content */,
			);
			path = ToggleMeOut;
			sourceTree = "<group>";
		};
		DA8F376825067B9B0091F3B0 /* Preview Content */ = {
			isa = PBXGroup;
			children = (
				DA8F376925067B9B0091F3B0 /* Preview Assets.xcassets */,
			);
			path = "Preview Content";
			sourceTree = "<group>";
		};
/* End PBXGroup section */

/* Begin PBXNativeTarget section */
		DA8F375C25067B9B0091F3B0 /* ToggleMeOut */ = {
			isa = PBXNativeTarget;
			buildConfigurationList = DA8F377125067B9B0091F3B0 /* Build configuration list for PBXNativeTarget "ToggleMeOut" */;
			buildPhases = (
				DA8F375925067B9B0091F3B0 /* Sources */,
				DA8F375A25067B9B0091F3B0 /* Frameworks */,
				DA8F375B25067B9B0091F3B0 /* Resources */,
			);
			buildRules = (
			);
			dependencies = (
			);
			name = ToggleMeOut;
			productName = ToggleMeOut;
			productReference = DA8F375D25067B9B0091F3B0 /* ToggleMeOut.app */;
			productType = "com.apple.product-type.application";
		};
/* End PBXNativeTarget section */

/* Begin PBXProject section */
		DA8F375525067B9B0091F3B0 /* Project object */ = {
			isa = PBXProject;
			attributes = {
				LastSwiftUpdateCheck = 1170;
				LastUpgradeCheck = 1170;
				ORGANIZATIONNAME = carlynorama;
				TargetAttributes = {
					DA8F375C25067B9B0091F3B0 = {
						CreatedOnToolsVersion = 11.7;
					};
				};
			};
			buildConfigurationList = DA8F375825067B9B0091F3B0 /* Build configuration list for PBXProject "ToggleMeOut" */;
			compatibilityVersion = "Xcode 9.3";
			developmentRegion = en;
			hasScannedForEncodings = 0;
			knownRegions = (
				en,
				Base,
			);
			mainGroup = DA8F375425067B9B0091F3B0;
			productRefGroup = DA8F375E25067B9B0091F3B0 /* Products */;
			projectDirPath = "";
			projectRoot = "";
			targets = (
				DA8F375C25067B9B0091F3B0 /* ToggleMeOut */,
			);
		};
/* End PBXProject section */

/* Begin PBXResourcesBuildPhase section */
		DA8F375B25067B9B0091F3B0 /* Resources */ = {
			isa = PBXResourcesBuildPhase;
			buildActionMask = 2147483647;
			files = (
				DA8F376D25067B9B0091F3B0 /* LaunchScreen.storyboard in Resources */,
				DA8F377925067C020091F3B0 /* Flying Home.m4a in Resources */,
				DA8F377B25067C020091F3B0 /* So Hard To Say Goodbye.m4a in Resources */,
				DA8F376A25067B9B0091F3B0 /* Preview Assets.xcassets in Resources */,
				DA8F377A25067C020091F3B0 /* Mushroom Picker Dance.mp3 in Resources */,
				DA8F376725067B9B0091F3B0 /* Assets.xcassets in Resources */,
			);
			runOnlyForDeploymentPostprocessing = 0;
		};
/* End PBXResourcesBuildPhase section */

/* Begin PBXSourcesBuildPhase section */
		DA8F375925067B9B0091F3B0 /* Sources */ = {
			isa = PBXSourcesBuildPhase;
			buildActionMask = 2147483647;
			files = (
				DA8F376125067B9B0091F3B0 /* AppDelegate.swift in Sources */,
				DA8F377525067BBF0091F3B0 /* SoundStudio.swift in Sources */,
				DA8F376325067B9B0091F3B0 /* SceneDelegate.swift in Sources */,
				DA8F377F2506912F0091F3B0 /* PlayerView.swift in Sources */,
				DA8F377D250687770091F3B0 /* ButtonStyles.swift in Sources */,
				DA8F376525067B9B0091F3B0 /* ContentView.swift in Sources */,
			);
			runOnlyForDeploymentPostprocessing = 0;
		};
/* End PBXSourcesBuildPhase section */

/* Begin PBXVariantGroup section */
		DA8F376B25067B9B0091F3B0 /* LaunchScreen.storyboard */ = {
			isa = PBXVariantGroup;
			children = (
				DA8F376C25067B9B0091F3B0 /* Base */,
			);
			name = LaunchScreen.storyboard;
			sourceTree = "<group>";
		};
/* End PBXVariantGroup section */

/* Begin XCBuildConfiguration section */
		DA8F376F25067B9B0091F3B0 /* Debug */ = {
			isa = XCBuildConfiguration;
			buildSettings = {
				ALWAYS_SEARCH_USER_PATHS = NO;
				CLANG_ANALYZER_NONNULL = YES;
				CLANG_ANALYZER_NUMBER_OBJECT_CONVERSION = YES_AGGRESSIVE;
				CLANG_CXX_LANGUAGE_STANDARD = "gnu++14";
				CLANG_CXX_LIBRARY = "libc++";
				CLANG_ENABLE_MODULES = YES;
				CLANG_ENABLE_OBJC_ARC = YES;
				CLANG_ENABLE_OBJC_WEAK = YES;
				CLANG_WARN_BLOCK_CAPTURE_AUTORELEASING = YES;
				CLANG_WARN_BOOL_CONVERSION = YES;
				CLANG_WARN_COMMA = YES;
				CLANG_WARN_CONSTANT_CONVERSION = YES;
				CLANG_WARN_DEPRECATED_OBJC_IMPLEMENTATIONS = YES;
				CLANG_WARN_DIRECT_OBJC_ISA_USAGE = YES_ERROR;
				CLANG_WARN_DOCUMENTATION_COMMENTS = YES;
				CLANG_WARN_EMPTY_BODY = YES;
				CLANG_WARN_ENUM_CONVERSION = YES;
				CLANG_WARN_INFINITE_RECURSION = YES;
				CLANG_WARN_INT_CONVERSION = YES;
				CLANG_WARN_NON_LITERAL_NULL_CONVERSION = YES;
				CLANG_WARN_OBJC_IMPLICIT_RETAIN_SELF = YES;
				CLANG_WARN_OBJC_LITERAL_CONVERSION = YES;
				CLANG_WARN_OBJC_ROOT_CLASS = YES_ERROR;
				CLANG_WARN_RANGE_LOOP_ANALYSIS = YES;
				CLANG_WARN_STRICT_PROTOTYPES = YES;
				CLANG_WARN_SUSPICIOUS_MOVE = YES;
				CLANG_WARN_UNGUARDED_AVAILABILITY = YES_AGGRESSIVE;
				CLANG_WARN_UNREACHABLE_CODE = YES;
				CLANG_WARN__DUPLICATE_METHOD_MATCH = YES;
				COPY_PHASE_STRIP = NO;
				DEBUG_INFORMATION_FORMAT = dwarf;
				ENABLE_STRICT_OBJC_MSGSEND = YES;
				ENABLE_TESTABILITY = YES;
				GCC_C_LANGUAGE_STANDARD = gnu11;
				GCC_DYNAMIC_NO_PIC = NO;
				GCC_NO_COMMON_BLOCKS = YES;
				GCC_OPTIMIZATION_LEVEL = 0;
				GCC_PREPROCESSOR_DEFINITIONS = (
					"DEBUG=1",
					"$(inherited)",
				);
				GCC_WARN_64_TO_32_BIT_CONVERSION = YES;
				GCC_WARN_ABOUT_RETURN_TYPE = YES_ERROR;
				GCC_WARN_UNDECLARED_SELECTOR = YES;
				GCC_WARN_UNINITIALIZED_AUTOS = YES_AGGRESSIVE;
				GCC_WARN_UNUSED_FUNCTION = YES;
				GCC_WARN_UNUSED_VARIABLE = YES;
				IPHONEOS_DEPLOYMENT_TARGET = 13.7;
				MTL_ENABLE_DEBUG_INFO = INCLUDE_SOURCE;
				MTL_FAST_MATH = YES;
				ONLY_ACTIVE_ARCH = YES;
				SDKROOT = iphoneos;
				SWIFT_ACTIVE_COMPILATION_CONDITIONS = DEBUG;
				SWIFT_OPTIMIZATION_LEVEL = "-Onone";
			};
			name = Debug;
		};
		DA8F377025067B9B0091F3B0 /* Release */ = {
			isa = XCBuildConfiguration;
			buildSettings = {
				ALWAYS_SEARCH_USER_PATHS = NO;
				CLANG_ANALYZER_NONNULL = YES;
				CLANG_ANALYZER_NUMBER_OBJECT_CONVERSION = YES_AGGRESSIVE;
				CLANG_CXX_LANGUAGE_STANDARD = "gnu++14";
				CLANG_CXX_LIBRARY = "libc++";
				CLANG_ENABLE_MODULES = YES;
				CLANG_ENABLE_OBJC_ARC = YES;
				CLANG_ENABLE_OBJC_WEAK = YES;
				CLANG_WARN_BLOCK_CAPTURE_AUTORELEASING = YES;
				CLANG_WARN_BOOL_CONVERSION = YES;
				CLANG_WARN_COMMA = YES;
				CLANG_WARN_CONSTANT_CONVERSION = YES;
				CLANG_WARN_DEPRECATED_OBJC_IMPLEMENTATIONS = YES;
				CLANG_WARN_DIRECT_OBJC_ISA_USAGE = YES_ERROR;
				CLANG_WARN_DOCUMENTATION_COMMENTS = YES;
				CLANG_WARN_EMPTY_BODY = YES;
				CLANG_WARN_ENUM_CONVERSION = YES;
				CLANG_WARN_INFINITE_RECURSION = YES;
				CLANG_WARN_INT_CONVERSION = YES;
				CLANG_WARN_NON_LITERAL_NULL_CONVERSION = YES;
				CLANG_WARN_OBJC_IMPLICIT_RETAIN_SELF = YES;
				CLANG_WARN_OBJC_LITERAL_CONVERSION = YES;
				CLANG_WARN_OBJC_ROOT_CLASS = YES_ERROR;
				CLANG_WARN_RANGE_LOOP_ANALYSIS = YES;
				CLANG_WARN_STRICT_PROTOTYPES = YES;
				CLANG_WARN_SUSPICIOUS_MOVE = YES;
				CLANG_WARN_UNGUARDED_AVAILABILITY = YES_AGGRESSIVE;
				CLANG_WARN_UNREACHABLE_CODE = YES;
				CLANG_WARN__DUPLICATE_METHOD_MATCH = YES;
				COPY_PHASE_STRIP = NO;
				DEBUG_INFORMATION_FORMAT = "dwarf-with-dsym";
				ENABLE_NS_ASSERTIONS = NO;
				ENABLE_STRICT_OBJC_MSGSEND = YES;
				GCC_C_LANGUAGE_STANDARD = gnu11;
				GCC_NO_COMMON_BLOCKS = YES;
				GCC_WARN_64_TO_32_BIT_CONVERSION = YES;
				GCC_WARN_ABOUT_RETURN_TYPE = YES_ERROR;
				GCC_WARN_UNDECLARED_SELECTOR = YES;
				GCC_WARN_UNINITIALIZED_AUTOS = YES_AGGRESSIVE;
				GCC_WARN_UNUSED_FUNCTION = YES;
				GCC_WARN_UNUSED_VARIABLE = YES;
				IPHONEOS_DEPLOYMENT_TARGET = 13.7;
				MTL_ENABLE_DEBUG_INFO = NO;
				MTL_FAST_MATH = YES;
				SDKROOT = iphoneos;
				SWIFT_COMPILATION_MODE = wholemodule;
				SWIFT_OPTIMIZATION_LEVEL = "-O";
				VALIDATE_PRODUCT = YES;
			};
			name = Release;
		};
		DA8F377225067B9B0091F3B0 /* Debug */ = {
			isa = XCBuildConfiguration;
			buildSettings = {
				ASSETCATALOG_COMPILER_APPICON_NAME = AppIcon;
				CODE_SIGN_STYLE = Automatic;
				DEVELOPMENT_ASSET_PATHS = "\"ToggleMeOut/Preview Content\"";
				DEVELOPMENT_TEAM = KH3G9PXA68;
				ENABLE_PREVIEWS = YES;
				INFOPLIST_FILE = ToggleMeOut/Info.plist;
				LD_RUNPATH_SEARCH_PATHS = (
					"$(inherited)",
					"@executable_path/Frameworks",
				);
				PRODUCT_BUNDLE_IDENTIFIER = carlynorama.ToggleMeOut;
				PRODUCT_NAME = "$(TARGET_NAME)";
				SWIFT_VERSION = 5.0;
				TARGETED_DEVICE_FAMILY = "1,2";
			};
			name = Debug;
		};
		DA8F377325067B9B0091F3B0 /* Release */ = {
			isa = XCBuildConfiguration;
			buildSettings = {
				ASSETCATALOG_COMPILER_APPICON_NAME = AppIcon;
				CODE_SIGN_STYLE = Automatic;
				DEVELOPMENT_ASSET_PATHS = "\"ToggleMeOut/Preview Content\"";
				DEVELOPMENT_TEAM = KH3G9PXA68;
				ENABLE_PREVIEWS = YES;
				INFOPLIST_FILE = ToggleMeOut/Info.plist;
				LD_RUNPATH_SEARCH_PATHS = (
					"$(inherited)",
					"@executable_path/Frameworks",
				);
				PRODUCT_BUNDLE_IDENTIFIER = carlynorama.ToggleMeOut;
				PRODUCT_NAME = "$(TARGET_NAME)";
				SWIFT_VERSION = 5.0;
				TARGETED_DEVICE_FAMILY = "1,2";
			};
			name = Release;
		};
/* End XCBuildConfiguration section */

/* Begin XCConfigurationList section */
		DA8F375825067B9B0091F3B0 /* Build configuration list for PBXProject "ToggleMeOut" */ = {
			isa = XCConfigurationList;
			buildConfigurations = (
				DA8F376F25067B9B0091F3B0 /* Debug */,
				DA8F377025067B9B0091F3B0 /* Release */,
			);
			defaultConfigurationIsVisible = 0;
			defaultConfigurationName = Release;
		};
		DA8F377125067B9B0091F3B0 /* Build configuration list for PBXNativeTarget "ToggleMeOut" */ = {
			isa = XCConfigurationList;
			buildConfigurations = (
				DA8F377225067B9B0091F3B0 /* Debug */,
				DA8F377325067B9B0091F3B0 /* Release */,
			);
			defaultConfigurationIsVisible = 0;
			defaultConfigurationName = Release;
		};
/* End XCConfigurationList section */
	};
	rootObject = DA8F375525067B9B0091F3B0 /* Project object */;
}
