// !$*UTF8*$!
{
	archiveVersion = 1;
	classes = {
	};
	objectVersion = 50;
	objects = {

/* Begin PBXBuildFile section */
		D25621CE2514F9B3002E1404 /* FancyScrollsApp.swift in Sources */ = {isa = PBXBuildFile; fileRef = D25621CD2514F9B3002E1404 /* FancyScrollsApp.swift */; };
		D25621D02514F9B3002E1404 /* ContentView.swift in Sources */ = {isa = PBXBuildFile; fileRef = D25621CF2514F9B3002E1404 /* ContentView.swift */; };
		D25621D22514F9B5002E1404 /* Assets.xcassets in Resources */ = {isa = PBXBuildFile; fileRef = D25621D12514F9B5002E1404 /* Assets.xcassets */; };
		D25621D52514F9B5002E1404 /* Preview Assets.xcassets in Resources */ = {isa = PBXBuildFile; fileRef = D25621D42514F9B5002E1404 /* Preview Assets.xcassets */; };
		D25621E02514F9B5002E1404 /* FancyScrollsTests.swift in Sources */ = {isa = PBXBuildFile; fileRef = D25621DF2514F9B5002E1404 /* FancyScrollsTests.swift */; };
		D25621EB2514F9B5002E1404 /* FancyScrollsUITests.swift in Sources */ = {isa = PBXBuildFile; fileRef = D25621EA2514F9B5002E1404 /* FancyScrollsUITests.swift */; };
		D25621FC2514FA55002E1404 /* LongTextScroller.swift in Sources */ = {isa = PBXBuildFile; fileRef = D25621FB2514FA55002E1404 /* LongTextScroller.swift */; };
		D256220125150218002E1404 /* ItemsScroller2.swift in Sources */ = {isa = PBXBuildFile; fileRef = D256220025150218002E1404 /* ItemsScroller2.swift */; };
		D256220925150D7C002E1404 /* ItemsScroller1.swift in Sources */ = {isa = PBXBuildFile; fileRef = D256220825150D7C002E1404 /* ItemsScroller1.swift */; };
/* End PBXBuildFile section */

/* Begin PBXContainerItemProxy section */
		D25621DC2514F9B5002E1404 /* PBXContainerItemProxy */ = {
			isa = PBXContainerItemProxy;
			containerPortal = D25621C22514F9B3002E1404 /* Project object */;
			proxyType = 1;
			remoteGlobalIDString = D25621C92514F9B3002E1404;
			remoteInfo = FancyScrolls;
		};
		D25621E72514F9B5002E1404 /* PBXContainerItemProxy */ = {
			isa = PBXContainerItemProxy;
			containerPortal = D25621C22514F9B3002E1404 /* Project object */;
			proxyType = 1;
			remoteGlobalIDString = D25621C92514F9B3002E1404;
			remoteInfo = FancyScrolls;
		};
/* End PBXContainerItemProxy section */

/* Begin PBXFileReference section */
		D25621CA2514F9B3002E1404 /* FancyScrolls.app */ = {isa = PBXFileReference; explicitFileType = wrapper.application; includeInIndex = 0; path = FancyScrolls.app; sourceTree = BUILT_PRODUCTS_DIR; };
		D25621CD2514F9B3002E1404 /* FancyScrollsApp.swift */ = {isa = PBXFileReference; lastKnownFileType = sourcecode.swift; path = FancyScrollsApp.swift; sourceTree = "<group>"; };
		D25621CF2514F9B3002E1404 /* ContentView.swift */ = {isa = PBXFileReference; lastKnownFileType = sourcecode.swift; path = ContentView.swift; sourceTree = "<group>"; };
		D25621D12514F9B5002E1404 /* Assets.xcassets */ = {isa = PBXFileReference; lastKnownFileType = folder.assetcatalog; path = Assets.xcassets; sourceTree = "<group>"; };
		D25621D42514F9B5002E1404 /* Preview Assets.xcassets */ = {isa = PBXFileReference; lastKnownFileType = folder.assetcatalog; path = "Preview Assets.xcassets"; sourceTree = "<group>"; };
		D25621D62514F9B5002E1404 /* Info.plist */ = {isa = PBXFileReference; lastKnownFileType = text.plist.xml; path = Info.plist; sourceTree = "<group>"; };
		D25621DB2514F9B5002E1404 /* FancyScrollsTests.xctest */ = {isa = PBXFileReference; explicitFileType = wrapper.cfbundle; includeInIndex = 0; path = FancyScrollsTests.xctest; sourceTree = BUILT_PRODUCTS_DIR; };
		D25621DF2514F9B5002E1404 /* FancyScrollsTests.swift */ = {isa = PBXFileReference; lastKnownFileType = sourcecode.swift; path = FancyScrollsTests.swift; sourceTree = "<group>"; };
		D25621E12514F9B5002E1404 /* Info.plist */ = {isa = PBXFileReference; lastKnownFileType = text.plist.xml; path = Info.plist; sourceTree = "<group>"; };
		D25621E62514F9B5002E1404 /* FancyScrollsUITests.xctest */ = {isa = PBXFileReference; explicitFileType = wrapper.cfbundle; includeInIndex = 0; path = FancyScrollsUITests.xctest; sourceTree = BUILT_PRODUCTS_DIR; };
		D25621EA2514F9B5002E1404 /* FancyScrollsUITests.swift */ = {isa = PBXFileReference; lastKnownFileType = sourcecode.swift; path = FancyScrollsUITests.swift; sourceTree = "<group>"; };
		D25621EC2514F9B5002E1404 /* Info.plist */ = {isa = PBXFileReference; lastKnownFileType = text.plist.xml; path = Info.plist; sourceTree = "<group>"; };
		D25621FB2514FA55002E1404 /* LongTextScroller.swift */ = {isa = PBXFileReference; lastKnownFileType = sourcecode.swift; path = LongTextScroller.swift; sourceTree = "<group>"; };
		D256220025150218002E1404 /* ItemsScroller2.swift */ = {isa = PBXFileReference; lastKnownFileType = sourcecode.swift; path = ItemsScroller2.swift; sourceTree = "<group>"; };
		D256220825150D7C002E1404 /* ItemsScroller1.swift */ = {isa = PBXFileReference; lastKnownFileType = sourcecode.swift; path = ItemsScroller1.swift; sourceTree = "<group>"; };
/* End PBXFileReference section */

/* Begin PBXFrameworksBuildPhase section */
		D25621C72514F9B3002E1404 /* Frameworks */ = {
			isa = PBXFrameworksBuildPhase;
			buildActionMask = 2147483647;
			files = (
			);
			runOnlyForDeploymentPostprocessing = 0;
		};
		D25621D82514F9B5002E1404 /* Frameworks */ = {
			isa = PBXFrameworksBuildPhase;
			buildActionMask = 2147483647;
			files = (
			);
			runOnlyForDeploymentPostprocessing = 0;
		};
		D25621E32514F9B5002E1404 /* Frameworks */ = {
			isa = PBXFrameworksBuildPhase;
			buildActionMask = 2147483647;
			files = (
			);
			runOnlyForDeploymentPostprocessing = 0;
		};
/* End PBXFrameworksBuildPhase section */

/* Begin PBXGroup section */
		D25621C12514F9B3002E1404 = {
			isa = PBXGroup;
			children = (
				D25621CC2514F9B3002E1404 /* FancyScrolls */,
				D25621DE2514F9B5002E1404 /* FancyScrollsTests */,
				D25621E92514F9B5002E1404 /* FancyScrollsUITests */,
				D25621CB2514F9B3002E1404 /* Products */,
			);
			sourceTree = "<group>";
		};
		D25621CB2514F9B3002E1404 /* Products */ = {
			isa = PBXGroup;
			children = (
				D25621CA2514F9B3002E1404 /* FancyScrolls.app */,
				D25621DB2514F9B5002E1404 /* FancyScrollsTests.xctest */,
				D25621E62514F9B5002E1404 /* FancyScrollsUITests.xctest */,
			);
			name = Products;
			sourceTree = "<group>";
		};
		D25621CC2514F9B3002E1404 /* FancyScrolls */ = {
			isa = PBXGroup;
			children = (
				D25621CD2514F9B3002E1404 /* FancyScrollsApp.swift */,
				D25621CF2514F9B3002E1404 /* ContentView.swift */,
				D25621FB2514FA55002E1404 /* LongTextScroller.swift */,
				D256220025150218002E1404 /* ItemsScroller2.swift */,
				D256220825150D7C002E1404 /* ItemsScroller1.swift */,
				D25621D12514F9B5002E1404 /* Assets.xcassets */,
				D25621D62514F9B5002E1404 /* Info.plist */,
				D25621D32514F9B5002E1404 /* Preview Content */,
			);
			path = FancyScrolls;
			sourceTree = "<group>";
		};
		D25621D32514F9B5002E1404 /* Preview Content */ = {
			isa = PBXGroup;
			children = (
				D25621D42514F9B5002E1404 /* Preview Assets.xcassets */,
			);
			path = "Preview Content";
			sourceTree = "<group>";
		};
		D25621DE2514F9B5002E1404 /* FancyScrollsTests */ = {
			isa = PBXGroup;
			children = (
				D25621DF2514F9B5002E1404 /* FancyScrollsTests.swift */,
				D25621E12514F9B5002E1404 /* Info.plist */,
			);
			path = FancyScrollsTests;
			sourceTree = "<group>";
		};
		D25621E92514F9B5002E1404 /* FancyScrollsUITests */ = {
			isa = PBXGroup;
			children = (
				D25621EA2514F9B5002E1404 /* FancyScrollsUITests.swift */,
				D25621EC2514F9B5002E1404 /* Info.plist */,
			);
			path = FancyScrollsUITests;
			sourceTree = "<group>";
		};
/* End PBXGroup section */

/* Begin PBXNativeTarget section */
		D25621C92514F9B3002E1404 /* FancyScrolls */ = {
			isa = PBXNativeTarget;
			buildConfigurationList = D25621EF2514F9B5002E1404 /* Build configuration list for PBXNativeTarget "FancyScrolls" */;
			buildPhases = (
				D25621C62514F9B3002E1404 /* Sources */,
				D25621C72514F9B3002E1404 /* Frameworks */,
				D25621C82514F9B3002E1404 /* Resources */,
			);
			buildRules = (
			);
			dependencies = (
			);
			name = FancyScrolls;
			productName = FancyScrolls;
			productReference = D25621CA2514F9B3002E1404 /* FancyScrolls.app */;
			productType = "com.apple.product-type.application";
		};
		D25621DA2514F9B5002E1404 /* FancyScrollsTests */ = {
			isa = PBXNativeTarget;
			buildConfigurationList = D25621F22514F9B5002E1404 /* Build configuration list for PBXNativeTarget "FancyScrollsTests" */;
			buildPhases = (
				D25621D72514F9B5002E1404 /* Sources */,
				D25621D82514F9B5002E1404 /* Frameworks */,
				D25621D92514F9B5002E1404 /* Resources */,
			);
			buildRules = (
			);
			dependencies = (
				D25621DD2514F9B5002E1404 /* PBXTargetDependency */,
			);
			name = FancyScrollsTests;
			productName = FancyScrollsTests;
			productReference = D25621DB2514F9B5002E1404 /* FancyScrollsTests.xctest */;
			productType = "com.apple.product-type.bundle.unit-test";
		};
		D25621E52514F9B5002E1404 /* FancyScrollsUITests */ = {
			isa = PBXNativeTarget;
			buildConfigurationList = D25621F52514F9B5002E1404 /* Build configuration list for PBXNativeTarget "FancyScrollsUITests" */;
			buildPhases = (
				D25621E22514F9B5002E1404 /* Sources */,
				D25621E32514F9B5002E1404 /* Frameworks */,
				D25621E42514F9B5002E1404 /* Resources */,
			);
			buildRules = (
			);
			dependencies = (
				D25621E82514F9B5002E1404 /* PBXTargetDependency */,
			);
			name = FancyScrollsUITests;
			productName = FancyScrollsUITests;
			productReference = D25621E62514F9B5002E1404 /* FancyScrollsUITests.xctest */;
			productType = "com.apple.product-type.bundle.ui-testing";
		};
/* End PBXNativeTarget section */

/* Begin PBXProject section */
		D25621C22514F9B3002E1404 /* Project object */ = {
			isa = PBXProject;
			attributes = {
				LastSwiftUpdateCheck = 1200;
				LastUpgradeCheck = 1200;
				TargetAttributes = {
					D25621C92514F9B3002E1404 = {
						CreatedOnToolsVersion = 12.0;
					};
					D25621DA2514F9B5002E1404 = {
						CreatedOnToolsVersion = 12.0;
						TestTargetID = D25621C92514F9B3002E1404;
					};
					D25621E52514F9B5002E1404 = {
						CreatedOnToolsVersion = 12.0;
						TestTargetID = D25621C92514F9B3002E1404;
					};
				};
			};
			buildConfigurationList = D25621C52514F9B3002E1404 /* Build configuration list for PBXProject "FancyScrolls" */;
			compatibilityVersion = "Xcode 9.3";
			developmentRegion = en;
			hasScannedForEncodings = 0;
			knownRegions = (
				en,
				Base,
			);
			mainGroup = D25621C12514F9B3002E1404;
			productRefGroup = D25621CB2514F9B3002E1404 /* Products */;
			projectDirPath = "";
			projectRoot = "";
			targets = (
				D25621C92514F9B3002E1404 /* FancyScrolls */,
				D25621DA2514F9B5002E1404 /* FancyScrollsTests */,
				D25621E52514F9B5002E1404 /* FancyScrollsUITests */,
			);
		};
/* End PBXProject section */

/* Begin PBXResourcesBuildPhase section */
		D25621C82514F9B3002E1404 /* Resources */ = {
			isa = PBXResourcesBuildPhase;
			buildActionMask = 2147483647;
			files = (
				D25621D52514F9B5002E1404 /* Preview Assets.xcassets in Resources */,
				D25621D22514F9B5002E1404 /* Assets.xcassets in Resources */,
			);
			runOnlyForDeploymentPostprocessing = 0;
		};
		D25621D92514F9B5002E1404 /* Resources */ = {
			isa = PBXResourcesBuildPhase;
			buildActionMask = 2147483647;
			files = (
			);
			runOnlyForDeploymentPostprocessing = 0;
		};
		D25621E42514F9B5002E1404 /* Resources */ = {
			isa = PBXResourcesBuildPhase;
			buildActionMask = 2147483647;
			files = (
			);
			runOnlyForDeploymentPostprocessing = 0;
		};
/* End PBXResourcesBuildPhase section */

/* Begin PBXSourcesBuildPhase section */
		D25621C62514F9B3002E1404 /* Sources */ = {
			isa = PBXSourcesBuildPhase;
			buildActionMask = 2147483647;
			files = (
				D256220125150218002E1404 /* ItemsScroller2.swift in Sources */,
				D25621D02514F9B3002E1404 /* ContentView.swift in Sources */,
				D25621CE2514F9B3002E1404 /* FancyScrollsApp.swift in Sources */,
				D25621FC2514FA55002E1404 /* LongTextScroller.swift in Sources */,
				D256220925150D7C002E1404 /* ItemsScroller1.swift in Sources */,
			);
			runOnlyForDeploymentPostprocessing = 0;
		};
		D25621D72514F9B5002E1404 /* Sources */ = {
			isa = PBXSourcesBuildPhase;
			buildActionMask = 2147483647;
			files = (
				D25621E02514F9B5002E1404 /* FancyScrollsTests.swift in Sources */,
			);
			runOnlyForDeploymentPostprocessing = 0;
		};
		D25621E22514F9B5002E1404 /* Sources */ = {
			isa = PBXSourcesBuildPhase;
			buildActionMask = 2147483647;
			files = (
				D25621EB2514F9B5002E1404 /* FancyScrollsUITests.swift in Sources */,
			);
			runOnlyForDeploymentPostprocessing = 0;
		};
/* End PBXSourcesBuildPhase section */

/* Begin PBXTargetDependency section */
		D25621DD2514F9B5002E1404 /* PBXTargetDependency */ = {
			isa = PBXTargetDependency;
			target = D25621C92514F9B3002E1404 /* FancyScrolls */;
			targetProxy = D25621DC2514F9B5002E1404 /* PBXContainerItemProxy */;
		};
		D25621E82514F9B5002E1404 /* PBXTargetDependency */ = {
			isa = PBXTargetDependency;
			target = D25621C92514F9B3002E1404 /* FancyScrolls */;
			targetProxy = D25621E72514F9B5002E1404 /* PBXContainerItemProxy */;
		};
/* End PBXTargetDependency section */

/* Begin XCBuildConfiguration section */
		D25621ED2514F9B5002E1404 /* Debug */ = {
			isa = XCBuildConfiguration;
			buildSettings = {
				ALWAYS_SEARCH_USER_PATHS = NO;
				CLANG_ANALYZER_NONNULL = YES;
				CLANG_ANALYZER_NUMBER_OBJECT_CONVERSION = YES_AGGRESSIVE;
				CLANG_CXX_LANGUAGE_STANDARD = "gnu++14";
				CLANG_CXX_LIBRARY = "libc++";
				CLANG_ENABLE_MODULES = YES;
				CLANG_ENABLE_OBJC_ARC = YES;
				CLANG_ENABLE_OBJC_WEAK = YES;
				CLANG_WARN_BLOCK_CAPTURE_AUTORELEASING = YES;
				CLANG_WARN_BOOL_CONVERSION = YES;
				CLANG_WARN_COMMA = YES;
				CLANG_WARN_CONSTANT_CONVERSION = YES;
				CLANG_WARN_DEPRECATED_OBJC_IMPLEMENTATIONS = YES;
				CLANG_WARN_DIRECT_OBJC_ISA_USAGE = YES_ERROR;
				CLANG_WARN_DOCUMENTATION_COMMENTS = YES;
				CLANG_WARN_EMPTY_BODY = YES;
				CLANG_WARN_ENUM_CONVERSION = YES;
				CLANG_WARN_INFINITE_RECURSION = YES;
				CLANG_WARN_INT_CONVERSION = YES;
				CLANG_WARN_NON_LITERAL_NULL_CONVERSION = YES;
				CLANG_WARN_OBJC_IMPLICIT_RETAIN_SELF = YES;
				CLANG_WARN_OBJC_LITERAL_CONVERSION = YES;
				CLANG_WARN_OBJC_ROOT_CLASS = YES_ERROR;
				CLANG_WARN_QUOTED_INCLUDE_IN_FRAMEWORK_HEADER = YES;
				CLANG_WARN_RANGE_LOOP_ANALYSIS = YES;
				CLANG_WARN_STRICT_PROTOTYPES = YES;
				CLANG_WARN_SUSPICIOUS_MOVE = YES;
				CLANG_WARN_UNGUARDED_AVAILABILITY = YES_AGGRESSIVE;
				CLANG_WARN_UNREACHABLE_CODE = YES;
				CLANG_WARN__DUPLICATE_METHOD_MATCH = YES;
				COPY_PHASE_STRIP = NO;
				DEBUG_INFORMATION_FORMAT = dwarf;
				ENABLE_STRICT_OBJC_MSGSEND = YES;
				ENABLE_TESTABILITY = YES;
				GCC_C_LANGUAGE_STANDARD = gnu11;
				GCC_DYNAMIC_NO_PIC = NO;
				GCC_NO_COMMON_BLOCKS = YES;
				GCC_OPTIMIZATION_LEVEL = 0;
				GCC_PREPROCESSOR_DEFINITIONS = (
					"DEBUG=1",
					"$(inherited)",
				);
				GCC_WARN_64_TO_32_BIT_CONVERSION = YES;
				GCC_WARN_ABOUT_RETURN_TYPE = YES_ERROR;
				GCC_WARN_UNDECLARED_SELECTOR = YES;
				GCC_WARN_UNINITIALIZED_AUTOS = YES_AGGRESSIVE;
				GCC_WARN_UNUSED_FUNCTION = YES;
				GCC_WARN_UNUSED_VARIABLE = YES;
				IPHONEOS_DEPLOYMENT_TARGET = 14.0;
				MTL_ENABLE_DEBUG_INFO = INCLUDE_SOURCE;
				MTL_FAST_MATH = YES;
				ONLY_ACTIVE_ARCH = YES;
				SDKROOT = iphoneos;
				SWIFT_ACTIVE_COMPILATION_CONDITIONS = DEBUG;
				SWIFT_OPTIMIZATION_LEVEL = "-Onone";
			};
			name = Debug;
		};
		D25621EE2514F9B5002E1404 /* Release */ = {
			isa = XCBuildConfiguration;
			buildSettings = {
				ALWAYS_SEARCH_USER_PATHS = NO;
				CLANG_ANALYZER_NONNULL = YES;
				CLANG_ANALYZER_NUMBER_OBJECT_CONVERSION = YES_AGGRESSIVE;
				CLANG_CXX_LANGUAGE_STANDARD = "gnu++14";
				CLANG_CXX_LIBRARY = "libc++";
				CLANG_ENABLE_MODULES = YES;
				CLANG_ENABLE_OBJC_ARC = YES;
				CLANG_ENABLE_OBJC_WEAK = YES;
				CLANG_WARN_BLOCK_CAPTURE_AUTORELEASING = YES;
				CLANG_WARN_BOOL_CONVERSION = YES;
				CLANG_WARN_COMMA = YES;
				CLANG_WARN_CONSTANT_CONVERSION = YES;
				CLANG_WARN_DEPRECATED_OBJC_IMPLEMENTATIONS = YES;
				CLANG_WARN_DIRECT_OBJC_ISA_USAGE = YES_ERROR;
				CLANG_WARN_DOCUMENTATION_COMMENTS = YES;
				CLANG_WARN_EMPTY_BODY = YES;
				CLANG_WARN_ENUM_CONVERSION = YES;
				CLANG_WARN_INFINITE_RECURSION = YES;
				CLANG_WARN_INT_CONVERSION = YES;
				CLANG_WARN_NON_LITERAL_NULL_CONVERSION = YES;
				CLANG_WARN_OBJC_IMPLICIT_RETAIN_SELF = YES;
				CLANG_WARN_OBJC_LITERAL_CONVERSION = YES;
				CLANG_WARN_OBJC_ROOT_CLASS = YES_ERROR;
				CLANG_WARN_QUOTED_INCLUDE_IN_FRAMEWORK_HEADER = YES;
				CLANG_WARN_RANGE_LOOP_ANALYSIS = YES;
				CLANG_WARN_STRICT_PROTOTYPES = YES;
				CLANG_WARN_SUSPICIOUS_MOVE = YES;
				CLANG_WARN_UNGUARDED_AVAILABILITY = YES_AGGRESSIVE;
				CLANG_WARN_UNREACHABLE_CODE = YES;
				CLANG_WARN__DUPLICATE_METHOD_MATCH = YES;
				COPY_PHASE_STRIP = NO;
				DEBUG_INFORMATION_FORMAT = "dwarf-with-dsym";
				ENABLE_NS_ASSERTIONS = NO;
				ENABLE_STRICT_OBJC_MSGSEND = YES;
				GCC_C_LANGUAGE_STANDARD = gnu11;
				GCC_NO_COMMON_BLOCKS = YES;
				GCC_WARN_64_TO_32_BIT_CONVERSION = YES;
				GCC_WARN_ABOUT_RETURN_TYPE = YES_ERROR;
				GCC_WARN_UNDECLARED_SELECTOR = YES;
				GCC_WARN_UNINITIALIZED_AUTOS = YES_AGGRESSIVE;
				GCC_WARN_UNUSED_FUNCTION = YES;
				GCC_WARN_UNUSED_VARIABLE = YES;
				IPHONEOS_DEPLOYMENT_TARGET = 14.0;
				MTL_ENABLE_DEBUG_INFO = NO;
				MTL_FAST_MATH = YES;
				SDKROOT = iphoneos;
				SWIFT_COMPILATION_MODE = wholemodule;
				SWIFT_OPTIMIZATION_LEVEL = "-O";
				VALIDATE_PRODUCT = YES;
			};
			name = Release;
		};
		D25621F02514F9B5002E1404 /* Debug */ = {
			isa = XCBuildConfiguration;
			buildSettings = {
				ASSETCATALOG_COMPILER_APPICON_NAME = AppIcon;
				ASSETCATALOG_COMPILER_GLOBAL_ACCENT_COLOR_NAME = AccentColor;
				CODE_SIGN_STYLE = Automatic;
				DEVELOPMENT_ASSET_PATHS = "\"FancyScrolls/Preview Content\"";
				ENABLE_PREVIEWS = YES;
				INFOPLIST_FILE = FancyScrolls/Info.plist;
				IPHONEOS_DEPLOYMENT_TARGET = 14.0;
				LD_RUNPATH_SEARCH_PATHS = (
					"$(inherited)",
					"@executable_path/Frameworks",
				);
				PRODUCT_BUNDLE_IDENTIFIER = com.carlynorama.FancyScrolls;
				PRODUCT_NAME = "$(TARGET_NAME)";
				SWIFT_VERSION = 5.0;
				TARGETED_DEVICE_FAMILY = "1,2";
			};
			name = Debug;
		};
		D25621F12514F9B5002E1404 /* Release */ = {
			isa = XCBuildConfiguration;
			buildSettings = {
				ASSETCATALOG_COMPILER_APPICON_NAME = AppIcon;
				ASSETCATALOG_COMPILER_GLOBAL_ACCENT_COLOR_NAME = AccentColor;
				CODE_SIGN_STYLE = Automatic;
				DEVELOPMENT_ASSET_PATHS = "\"FancyScrolls/Preview Content\"";
				ENABLE_PREVIEWS = YES;
				INFOPLIST_FILE = FancyScrolls/Info.plist;
				IPHONEOS_DEPLOYMENT_TARGET = 14.0;
				LD_RUNPATH_SEARCH_PATHS = (
					"$(inherited)",
					"@executable_path/Frameworks",
				);
				PRODUCT_BUNDLE_IDENTIFIER = com.carlynorama.FancyScrolls;
				PRODUCT_NAME = "$(TARGET_NAME)";
				SWIFT_VERSION = 5.0;
				TARGETED_DEVICE_FAMILY = "1,2";
			};
			name = Release;
		};
		D25621F32514F9B5002E1404 /* Debug */ = {
			isa = XCBuildConfiguration;
			buildSettings = {
				ALWAYS_EMBED_SWIFT_STANDARD_LIBRARIES = YES;
				BUNDLE_LOADER = "$(TEST_HOST)";
				CODE_SIGN_STYLE = Automatic;
				INFOPLIST_FILE = FancyScrollsTests/Info.plist;
				IPHONEOS_DEPLOYMENT_TARGET = 14.0;
				LD_RUNPATH_SEARCH_PATHS = (
					"$(inherited)",
					"@executable_path/Frameworks",
					"@loader_path/Frameworks",
				);
				PRODUCT_BUNDLE_IDENTIFIER = com.carlynorama.FancyScrollsTests;
				PRODUCT_NAME = "$(TARGET_NAME)";
				SWIFT_VERSION = 5.0;
				TARGETED_DEVICE_FAMILY = "1,2";
				TEST_HOST = "$(BUILT_PRODUCTS_DIR)/FancyScrolls.app/FancyScrolls";
			};
			name = Debug;
		};
		D25621F42514F9B5002E1404 /* Release */ = {
			isa = XCBuildConfiguration;
			buildSettings = {
				ALWAYS_EMBED_SWIFT_STANDARD_LIBRARIES = YES;
				BUNDLE_LOADER = "$(TEST_HOST)";
				CODE_SIGN_STYLE = Automatic;
				INFOPLIST_FILE = FancyScrollsTests/Info.plist;
				IPHONEOS_DEPLOYMENT_TARGET = 14.0;
				LD_RUNPATH_SEARCH_PATHS = (
					"$(inherited)",
					"@executable_path/Frameworks",
					"@loader_path/Frameworks",
				);
				PRODUCT_BUNDLE_IDENTIFIER = com.carlynorama.FancyScrollsTests;
				PRODUCT_NAME = "$(TARGET_NAME)";
				SWIFT_VERSION = 5.0;
				TARGETED_DEVICE_FAMILY = "1,2";
				TEST_HOST = "$(BUILT_PRODUCTS_DIR)/FancyScrolls.app/FancyScrolls";
			};
			name = Release;
		};
		D25621F62514F9B5002E1404 /* Debug */ = {
			isa = XCBuildConfiguration;
			buildSettings = {
				ALWAYS_EMBED_SWIFT_STANDARD_LIBRARIES = YES;
				CODE_SIGN_STYLE = Automatic;
				INFOPLIST_FILE = FancyScrollsUITests/Info.plist;
				LD_RUNPATH_SEARCH_PATHS = (
					"$(inherited)",
					"@executable_path/Frameworks",
					"@loader_path/Frameworks",
				);
				PRODUCT_BUNDLE_IDENTIFIER = com.carlynorama.FancyScrollsUITests;
				PRODUCT_NAME = "$(TARGET_NAME)";
				SWIFT_VERSION = 5.0;
				TARGETED_DEVICE_FAMILY = "1,2";
				TEST_TARGET_NAME = FancyScrolls;
			};
			name = Debug;
		};
		D25621F72514F9B5002E1404 /* Release */ = {
			isa = XCBuildConfiguration;
			buildSettings = {
				ALWAYS_EMBED_SWIFT_STANDARD_LIBRARIES = YES;
				CODE_SIGN_STYLE = Automatic;
				INFOPLIST_FILE = FancyScrollsUITests/Info.plist;
				LD_RUNPATH_SEARCH_PATHS = (
					"$(inherited)",
					"@executable_path/Frameworks",
					"@loader_path/Frameworks",
				);
				PRODUCT_BUNDLE_IDENTIFIER = com.carlynorama.FancyScrollsUITests;
				PRODUCT_NAME = "$(TARGET_NAME)";
				SWIFT_VERSION = 5.0;
				TARGETED_DEVICE_FAMILY = "1,2";
				TEST_TARGET_NAME = FancyScrolls;
			};
			name = Release;
		};
/* End XCBuildConfiguration section */

/* Begin XCConfigurationList section */
		D25621C52514F9B3002E1404 /* Build configuration list for PBXProject "FancyScrolls" */ = {
			isa = XCConfigurationList;
			buildConfigurations = (
				D25621ED2514F9B5002E1404 /* Debug */,
				D25621EE2514F9B5002E1404 /* Release */,
			);
			defaultConfigurationIsVisible = 0;
			defaultConfigurationName = Release;
		};
		D25621EF2514F9B5002E1404 /* Build configuration list for PBXNativeTarget "FancyScrolls" */ = {
			isa = XCConfigurationList;
			buildConfigurations = (
				D25621F02514F9B5002E1404 /* Debug */,
				D25621F12514F9B5002E1404 /* Release */,
			);
			defaultConfigurationIsVisible = 0;
			defaultConfigurationName = Release;
		};
		D25621F22514F9B5002E1404 /* Build configuration list for PBXNativeTarget "FancyScrollsTests" */ = {
			isa = XCConfigurationList;
			buildConfigurations = (
				D25621F32514F9B5002E1404 /* Debug */,
				D25621F42514F9B5002E1404 /* Release */,
			);
			defaultConfigurationIsVisible = 0;
			defaultConfigurationName = Release;
		};
		D25621F52514F9B5002E1404 /* Build configuration list for PBXNativeTarget "FancyScrollsUITests" */ = {
			isa = XCConfigurationList;
			buildConfigurations = (
				D25621F62514F9B5002E1404 /* Debug */,
				D25621F72514F9B5002E1404 /* Release */,
			);
			defaultConfigurationIsVisible = 0;
			defaultConfigurationName = Release;
		};
/* End XCConfigurationList section */
	};
	rootObject = D25621C22514F9B3002E1404 /* Project object */;
}
