// !$*UTF8*$!
{
	archiveVersion = 1;
	classes = {
	};
	objectVersion = 50;
	objects = {

/* Begin PBXBuildFile section */
		D2019BBA2509A1AA00415405 /* bluenote.png in Resources */ = {isa = PBXBuildFile; fileRef = D2019BB92509A1AA00415405 /* bluenote.png */; };
		DA088AFF250924960096EB7E /* PlayStopButton.swift in Sources */ = {isa = PBXBuildFile; fileRef = DA088AFE250924960096EB7E /* PlayStopButton.swift */; };
		DAA3B6082508093E006470AF /* AppDelegate.swift in Sources */ = {isa = PBXBuildFile; fileRef = DAA3B6072508093E006470AF /* AppDelegate.swift */; };
		DAA3B60A2508093E006470AF /* SceneDelegate.swift in Sources */ = {isa = PBXBuildFile; fileRef = DAA3B6092508093E006470AF /* SceneDelegate.swift */; };
		DAA3B60C2508093E006470AF /* ContentView.swift in Sources */ = {isa = PBXBuildFile; fileRef = DAA3B60B2508093E006470AF /* ContentView.swift */; };
		DAA3B60E2508093E006470AF /* Assets.xcassets in Resources */ = {isa = PBXBuildFile; fileRef = DAA3B60D2508093E006470AF /* Assets.xcassets */; };
		DAA3B6112508093E006470AF /* Preview Assets.xcassets in Resources */ = {isa = PBXBuildFile; fileRef = DAA3B6102508093E006470AF /* Preview Assets.xcassets */; };
		DAA3B6142508093E006470AF /* LaunchScreen.storyboard in Resources */ = {isa = PBXBuildFile; fileRef = DAA3B6122508093E006470AF /* LaunchScreen.storyboard */; };
		DAA3B624250809AB006470AF /* SongHandler.swift in Sources */ = {isa = PBXBuildFile; fileRef = DAA3B61D250809AA006470AF /* SongHandler.swift */; };
		DAA3B625250809AB006470AF /* So Hard To Say Goodbye.m4a in Resources */ = {isa = PBXBuildFile; fileRef = DAA3B61E250809AB006470AF /* So Hard To Say Goodbye.m4a */; };
		DAA3B626250809AB006470AF /* SongView.swift in Sources */ = {isa = PBXBuildFile; fileRef = DAA3B61F250809AB006470AF /* SongView.swift */; };
		DAA3B627250809AB006470AF /* Song.swift in Sources */ = {isa = PBXBuildFile; fileRef = DAA3B620250809AB006470AF /* Song.swift */; };
		DAA3B628250809AB006470AF /* GoodByeSongHandler.swift in Sources */ = {isa = PBXBuildFile; fileRef = DAA3B621250809AB006470AF /* GoodByeSongHandler.swift */; };
		DAA3B629250809AB006470AF /* Mushroom Picker Dance.mp3 in Resources */ = {isa = PBXBuildFile; fileRef = DAA3B622250809AB006470AF /* Mushroom Picker Dance.mp3 */; };
		DAA3B62A250809AB006470AF /* Flying Home.m4a in Resources */ = {isa = PBXBuildFile; fileRef = DAA3B623250809AB006470AF /* Flying Home.m4a */; };
/* End PBXBuildFile section */

/* Begin PBXFileReference section */
		D2019BB92509A1AA00415405 /* bluenote.png */ = {isa = PBXFileReference; lastKnownFileType = image.png; path = bluenote.png; sourceTree = "<group>"; };
		DA088AFE250924960096EB7E /* PlayStopButton.swift */ = {isa = PBXFileReference; lastKnownFileType = sourcecode.swift; path = PlayStopButton.swift; sourceTree = "<group>"; };
		DAA3B6042508093E006470AF /* PlayMeOutwithFileInfo.app */ = {isa = PBXFileReference; explicitFileType = wrapper.application; includeInIndex = 0; path = PlayMeOutwithFileInfo.app; sourceTree = BUILT_PRODUCTS_DIR; };
		DAA3B6072508093E006470AF /* AppDelegate.swift */ = {isa = PBXFileReference; lastKnownFileType = sourcecode.swift; path = AppDelegate.swift; sourceTree = "<group>"; };
		DAA3B6092508093E006470AF /* SceneDelegate.swift */ = {isa = PBXFileReference; lastKnownFileType = sourcecode.swift; path = SceneDelegate.swift; sourceTree = "<group>"; };
		DAA3B60B2508093E006470AF /* ContentView.swift */ = {isa = PBXFileReference; lastKnownFileType = sourcecode.swift; path = ContentView.swift; sourceTree = "<group>"; };
		DAA3B60D2508093E006470AF /* Assets.xcassets */ = {isa = PBXFileReference; lastKnownFileType = folder.assetcatalog; path = Assets.xcassets; sourceTree = "<group>"; };
		DAA3B6102508093E006470AF /* Preview Assets.xcassets */ = {isa = PBXFileReference; lastKnownFileType = folder.assetcatalog; path = "Preview Assets.xcassets"; sourceTree = "<group>"; };
		DAA3B6132508093E006470AF /* Base */ = {isa = PBXFileReference; lastKnownFileType = file.storyboard; name = Base; path = Base.lproj/LaunchScreen.storyboard; sourceTree = "<group>"; };
		DAA3B6152508093E006470AF /* Info.plist */ = {isa = PBXFileReference; lastKnownFileType = text.plist.xml; path = Info.plist; sourceTree = "<group>"; };
		DAA3B61D250809AA006470AF /* SongHandler.swift */ = {isa = PBXFileReference; fileEncoding = 4; lastKnownFileType = sourcecode.swift; path = SongHandler.swift; sourceTree = "<group>"; };
		DAA3B61E250809AB006470AF /* So Hard To Say Goodbye.m4a */ = {isa = PBXFileReference; lastKnownFileType = file; path = "So Hard To Say Goodbye.m4a"; sourceTree = "<group>"; };
		DAA3B61F250809AB006470AF /* SongView.swift */ = {isa = PBXFileReference; fileEncoding = 4; lastKnownFileType = sourcecode.swift; path = SongView.swift; sourceTree = "<group>"; };
		DAA3B620250809AB006470AF /* Song.swift */ = {isa = PBXFileReference; fileEncoding = 4; lastKnownFileType = sourcecode.swift; path = Song.swift; sourceTree = "<group>"; };
		DAA3B621250809AB006470AF /* GoodByeSongHandler.swift */ = {isa = PBXFileReference; fileEncoding = 4; lastKnownFileType = sourcecode.swift; path = GoodByeSongHandler.swift; sourceTree = "<group>"; };
		DAA3B622250809AB006470AF /* Mushroom Picker Dance.mp3 */ = {isa = PBXFileReference; lastKnownFileType = audio.mp3; path = "Mushroom Picker Dance.mp3"; sourceTree = "<group>"; };
		DAA3B623250809AB006470AF /* Flying Home.m4a */ = {isa = PBXFileReference; lastKnownFileType = file; path = "Flying Home.m4a"; sourceTree = "<group>"; };
/* End PBXFileReference section */

/* Begin PBXFrameworksBuildPhase section */
		DAA3B6012508093E006470AF /* Frameworks */ = {
			isa = PBXFrameworksBuildPhase;
			buildActionMask = 2147483647;
			files = (
			);
			runOnlyForDeploymentPostprocessing = 0;
		};
/* End PBXFrameworksBuildPhase section */

/* Begin PBXGroup section */
		DAA3B5FB2508093E006470AF = {
			isa = PBXGroup;
			children = (
				DAA3B6062508093E006470AF /* PlayMeOutwithFileInfo */,
				DAA3B6052508093E006470AF /* Products */,
			);
			sourceTree = "<group>";
		};
		DAA3B6052508093E006470AF /* Products */ = {
			isa = PBXGroup;
			children = (
				DAA3B6042508093E006470AF /* PlayMeOutwithFileInfo.app */,
			);
			name = Products;
			sourceTree = "<group>";
		};
		DAA3B6062508093E006470AF /* PlayMeOutwithFileInfo */ = {
			isa = PBXGroup;
			children = (
				DAA3B623250809AB006470AF /* Flying Home.m4a */,
				DAA3B621250809AB006470AF /* GoodByeSongHandler.swift */,
				DAA3B622250809AB006470AF /* Mushroom Picker Dance.mp3 */,
				DAA3B61E250809AB006470AF /* So Hard To Say Goodbye.m4a */,
				D2019BB92509A1AA00415405 /* bluenote.png */,
				DAA3B620250809AB006470AF /* Song.swift */,
				DAA3B61D250809AA006470AF /* SongHandler.swift */,
				DAA3B61F250809AB006470AF /* SongView.swift */,
				DA088AFE250924960096EB7E /* PlayStopButton.swift */,
				DAA3B6072508093E006470AF /* AppDelegate.swift */,
				DAA3B6092508093E006470AF /* SceneDelegate.swift */,
				DAA3B60B2508093E006470AF /* ContentView.swift */,
				DAA3B60D2508093E006470AF /* Assets.xcassets */,
				DAA3B6122508093E006470AF /* LaunchScreen.storyboard */,
				DAA3B6152508093E006470AF /* Info.plist */,
				DAA3B60F2508093E006470AF /* Preview Content */,
			);
			path = PlayMeOutwithFileInfo;
			sourceTree = "<group>";
		};
		DAA3B60F2508093E006470AF /* Preview Content */ = {
			isa = PBXGroup;
			children = (
				DAA3B6102508093E006470AF /* Preview Assets.xcassets */,
			);
			path = "Preview Content";
			sourceTree = "<group>";
		};
/* End PBXGroup section */

/* Begin PBXNativeTarget section */
		DAA3B6032508093E006470AF /* PlayMeOutwithFileInfo */ = {
			isa = PBXNativeTarget;
			buildConfigurationList = DAA3B6182508093E006470AF /* Build configuration list for PBXNativeTarget "PlayMeOutwithFileInfo" */;
			buildPhases = (
				DAA3B6002508093E006470AF /* Sources */,
				DAA3B6012508093E006470AF /* Frameworks */,
				DAA3B6022508093E006470AF /* Resources */,
			);
			buildRules = (
			);
			dependencies = (
			);
			name = PlayMeOutwithFileInfo;
			productName = PlayMeOutwithFileInfo;
			productReference = DAA3B6042508093E006470AF /* PlayMeOutwithFileInfo.app */;
			productType = "com.apple.product-type.application";
		};
/* End PBXNativeTarget section */

/* Begin PBXProject section */
		DAA3B5FC2508093E006470AF /* Project object */ = {
			isa = PBXProject;
			attributes = {
				LastSwiftUpdateCheck = 1170;
				LastUpgradeCheck = 1170;
				ORGANIZATIONNAME = carlynorama;
				TargetAttributes = {
					DAA3B6032508093E006470AF = {
						CreatedOnToolsVersion = 11.7;
					};
				};
			};
			buildConfigurationList = DAA3B5FF2508093E006470AF /* Build configuration list for PBXProject "PlayMeOutwithFileInfo" */;
			compatibilityVersion = "Xcode 9.3";
			developmentRegion = en;
			hasScannedForEncodings = 0;
			knownRegions = (
				en,
				Base,
			);
			mainGroup = DAA3B5FB2508093E006470AF;
			productRefGroup = DAA3B6052508093E006470AF /* Products */;
			projectDirPath = "";
			projectRoot = "";
			targets = (
				DAA3B6032508093E006470AF /* PlayMeOutwithFileInfo */,
			);
		};
/* End PBXProject section */

/* Begin PBXResourcesBuildPhase section */
		DAA3B6022508093E006470AF /* Resources */ = {
			isa = PBXResourcesBuildPhase;
			buildActionMask = 2147483647;
			files = (
				D2019BBA2509A1AA00415405 /* bluenote.png in Resources */,
				DAA3B625250809AB006470AF /* So Hard To Say Goodbye.m4a in Resources */,
				DAA3B62A250809AB006470AF /* Flying Home.m4a in Resources */,
				DAA3B6142508093E006470AF /* LaunchScreen.storyboard in Resources */,
				DAA3B6112508093E006470AF /* Preview Assets.xcassets in Resources */,
				DAA3B629250809AB006470AF /* Mushroom Picker Dance.mp3 in Resources */,
				DAA3B60E2508093E006470AF /* Assets.xcassets in Resources */,
			);
			runOnlyForDeploymentPostprocessing = 0;
		};
/* End PBXResourcesBuildPhase section */

/* Begin PBXSourcesBuildPhase section */
		DAA3B6002508093E006470AF /* Sources */ = {
			isa = PBXSourcesBuildPhase;
			buildActionMask = 2147483647;
			files = (
				DAA3B628250809AB006470AF /* GoodByeSongHandler.swift in Sources */,
				DAA3B627250809AB006470AF /* Song.swift in Sources */,
				DAA3B6082508093E006470AF /* AppDelegate.swift in Sources */,
				DAA3B624250809AB006470AF /* SongHandler.swift in Sources */,
				DAA3B626250809AB006470AF /* SongView.swift in Sources */,
				DAA3B60A2508093E006470AF /* SceneDelegate.swift in Sources */,
				DAA3B60C2508093E006470AF /* ContentView.swift in Sources */,
				DA088AFF250924960096EB7E /* PlayStopButton.swift in Sources */,
			);
			runOnlyForDeploymentPostprocessing = 0;
		};
/* End PBXSourcesBuildPhase section */

/* Begin PBXVariantGroup section */
		DAA3B6122508093E006470AF /* LaunchScreen.storyboard */ = {
			isa = PBXVariantGroup;
			children = (
				DAA3B6132508093E006470AF /* Base */,
			);
			name = LaunchScreen.storyboard;
			sourceTree = "<group>";
		};
/* End PBXVariantGroup section */

/* Begin XCBuildConfiguration section */
		DAA3B6162508093E006470AF /* Debug */ = {
			isa = XCBuildConfiguration;
			buildSettings = {
				ALWAYS_SEARCH_USER_PATHS = NO;
				CLANG_ANALYZER_NONNULL = YES;
				CLANG_ANALYZER_NUMBER_OBJECT_CONVERSION = YES_AGGRESSIVE;
				CLANG_CXX_LANGUAGE_STANDARD = "gnu++14";
				CLANG_CXX_LIBRARY = "libc++";
				CLANG_ENABLE_MODULES = YES;
				CLANG_ENABLE_OBJC_ARC = YES;
				CLANG_ENABLE_OBJC_WEAK = YES;
				CLANG_WARN_BLOCK_CAPTURE_AUTORELEASING = YES;
				CLANG_WARN_BOOL_CONVERSION = YES;
				CLANG_WARN_COMMA = YES;
				CLANG_WARN_CONSTANT_CONVERSION = YES;
				CLANG_WARN_DEPRECATED_OBJC_IMPLEMENTATIONS = YES;
				CLANG_WARN_DIRECT_OBJC_ISA_USAGE = YES_ERROR;
				CLANG_WARN_DOCUMENTATION_COMMENTS = YES;
				CLANG_WARN_EMPTY_BODY = YES;
				CLANG_WARN_ENUM_CONVERSION = YES;
				CLANG_WARN_INFINITE_RECURSION = YES;
				CLANG_WARN_INT_CONVERSION = YES;
				CLANG_WARN_NON_LITERAL_NULL_CONVERSION = YES;
				CLANG_WARN_OBJC_IMPLICIT_RETAIN_SELF = YES;
				CLANG_WARN_OBJC_LITERAL_CONVERSION = YES;
				CLANG_WARN_OBJC_ROOT_CLASS = YES_ERROR;
				CLANG_WARN_RANGE_LOOP_ANALYSIS = YES;
				CLANG_WARN_STRICT_PROTOTYPES = YES;
				CLANG_WARN_SUSPICIOUS_MOVE = YES;
				CLANG_WARN_UNGUARDED_AVAILABILITY = YES_AGGRESSIVE;
				CLANG_WARN_UNREACHABLE_CODE = YES;
				CLANG_WARN__DUPLICATE_METHOD_MATCH = YES;
				COPY_PHASE_STRIP = NO;
				DEBUG_INFORMATION_FORMAT = dwarf;
				ENABLE_STRICT_OBJC_MSGSEND = YES;
				ENABLE_TESTABILITY = YES;
				GCC_C_LANGUAGE_STANDARD = gnu11;
				GCC_DYNAMIC_NO_PIC = NO;
				GCC_NO_COMMON_BLOCKS = YES;
				GCC_OPTIMIZATION_LEVEL = 0;
				GCC_PREPROCESSOR_DEFINITIONS = (
					"DEBUG=1",
					"$(inherited)",
				);
				GCC_WARN_64_TO_32_BIT_CONVERSION = YES;
				GCC_WARN_ABOUT_RETURN_TYPE = YES_ERROR;
				GCC_WARN_UNDECLARED_SELECTOR = YES;
				GCC_WARN_UNINITIALIZED_AUTOS = YES_AGGRESSIVE;
				GCC_WARN_UNUSED_FUNCTION = YES;
				GCC_WARN_UNUSED_VARIABLE = YES;
				IPHONEOS_DEPLOYMENT_TARGET = 13.7;
				MTL_ENABLE_DEBUG_INFO = INCLUDE_SOURCE;
				MTL_FAST_MATH = YES;
				ONLY_ACTIVE_ARCH = YES;
				SDKROOT = iphoneos;
				SWIFT_ACTIVE_COMPILATION_CONDITIONS = DEBUG;
				SWIFT_OPTIMIZATION_LEVEL = "-Onone";
			};
			name = Debug;
		};
		DAA3B6172508093E006470AF /* Release */ = {
			isa = XCBuildConfiguration;
			buildSettings = {
				ALWAYS_SEARCH_USER_PATHS = NO;
				CLANG_ANALYZER_NONNULL = YES;
				CLANG_ANALYZER_NUMBER_OBJECT_CONVERSION = YES_AGGRESSIVE;
				CLANG_CXX_LANGUAGE_STANDARD = "gnu++14";
				CLANG_CXX_LIBRARY = "libc++";
				CLANG_ENABLE_MODULES = YES;
				CLANG_ENABLE_OBJC_ARC = YES;
				CLANG_ENABLE_OBJC_WEAK = YES;
				CLANG_WARN_BLOCK_CAPTURE_AUTORELEASING = YES;
				CLANG_WARN_BOOL_CONVERSION = YES;
				CLANG_WARN_COMMA = YES;
				CLANG_WARN_CONSTANT_CONVERSION = YES;
				CLANG_WARN_DEPRECATED_OBJC_IMPLEMENTATIONS = YES;
				CLANG_WARN_DIRECT_OBJC_ISA_USAGE = YES_ERROR;
				CLANG_WARN_DOCUMENTATION_COMMENTS = YES;
				CLANG_WARN_EMPTY_BODY = YES;
				CLANG_WARN_ENUM_CONVERSION = YES;
				CLANG_WARN_INFINITE_RECURSION = YES;
				CLANG_WARN_INT_CONVERSION = YES;
				CLANG_WARN_NON_LITERAL_NULL_CONVERSION = YES;
				CLANG_WARN_OBJC_IMPLICIT_RETAIN_SELF = YES;
				CLANG_WARN_OBJC_LITERAL_CONVERSION = YES;
				CLANG_WARN_OBJC_ROOT_CLASS = YES_ERROR;
				CLANG_WARN_RANGE_LOOP_ANALYSIS = YES;
				CLANG_WARN_STRICT_PROTOTYPES = YES;
				CLANG_WARN_SUSPICIOUS_MOVE = YES;
				CLANG_WARN_UNGUARDED_AVAILABILITY = YES_AGGRESSIVE;
				CLANG_WARN_UNREACHABLE_CODE = YES;
				CLANG_WARN__DUPLICATE_METHOD_MATCH = YES;
				COPY_PHASE_STRIP = NO;
				DEBUG_INFORMATION_FORMAT = "dwarf-with-dsym";
				ENABLE_NS_ASSERTIONS = NO;
				ENABLE_STRICT_OBJC_MSGSEND = YES;
				GCC_C_LANGUAGE_STANDARD = gnu11;
				GCC_NO_COMMON_BLOCKS = YES;
				GCC_WARN_64_TO_32_BIT_CONVERSION = YES;
				GCC_WARN_ABOUT_RETURN_TYPE = YES_ERROR;
				GCC_WARN_UNDECLARED_SELECTOR = YES;
				GCC_WARN_UNINITIALIZED_AUTOS = YES_AGGRESSIVE;
				GCC_WARN_UNUSED_FUNCTION = YES;
				GCC_WARN_UNUSED_VARIABLE = YES;
				IPHONEOS_DEPLOYMENT_TARGET = 13.7;
				MTL_ENABLE_DEBUG_INFO = NO;
				MTL_FAST_MATH = YES;
				SDKROOT = iphoneos;
				SWIFT_COMPILATION_MODE = wholemodule;
				SWIFT_OPTIMIZATION_LEVEL = "-O";
				VALIDATE_PRODUCT = YES;
			};
			name = Release;
		};
		DAA3B6192508093E006470AF /* Debug */ = {
			isa = XCBuildConfiguration;
			buildSettings = {
				ASSETCATALOG_COMPILER_APPICON_NAME = AppIcon;
				CODE_SIGN_STYLE = Automatic;
				DEVELOPMENT_ASSET_PATHS = "\"PlayMeOutwithFileInfo/Preview Content\"";
				DEVELOPMENT_TEAM = KH3G9PXA68;
				ENABLE_PREVIEWS = YES;
				INFOPLIST_FILE = PlayMeOutwithFileInfo/Info.plist;
				LD_RUNPATH_SEARCH_PATHS = (
					"$(inherited)",
					"@executable_path/Frameworks",
				);
				PRODUCT_BUNDLE_IDENTIFIER = carlynorama.PlayMeOutwithFileInfo;
				PRODUCT_NAME = "$(TARGET_NAME)";
				SWIFT_VERSION = 5.0;
				TARGETED_DEVICE_FAMILY = "1,2";
			};
			name = Debug;
		};
		DAA3B61A2508093E006470AF /* Release */ = {
			isa = XCBuildConfiguration;
			buildSettings = {
				ASSETCATALOG_COMPILER_APPICON_NAME = AppIcon;
				CODE_SIGN_STYLE = Automatic;
				DEVELOPMENT_ASSET_PATHS = "\"PlayMeOutwithFileInfo/Preview Content\"";
				DEVELOPMENT_TEAM = KH3G9PXA68;
				ENABLE_PREVIEWS = YES;
				INFOPLIST_FILE = PlayMeOutwithFileInfo/Info.plist;
				LD_RUNPATH_SEARCH_PATHS = (
					"$(inherited)",
					"@executable_path/Frameworks",
				);
				PRODUCT_BUNDLE_IDENTIFIER = carlynorama.PlayMeOutwithFileInfo;
				PRODUCT_NAME = "$(TARGET_NAME)";
				SWIFT_VERSION = 5.0;
				TARGETED_DEVICE_FAMILY = "1,2";
			};
			name = Release;
		};
/* End XCBuildConfiguration section */

/* Begin XCConfigurationList section */
		DAA3B5FF2508093E006470AF /* Build configuration list for PBXProject "PlayMeOutwithFileInfo" */ = {
			isa = XCConfigurationList;
			buildConfigurations = (
				DAA3B6162508093E006470AF /* Debug */,
				DAA3B6172508093E006470AF /* Release */,
			);
			defaultConfigurationIsVisible = 0;
			defaultConfigurationName = Release;
		};
		DAA3B6182508093E006470AF /* Build configuration list for PBXNativeTarget "PlayMeOutwithFileInfo" */ = {
			isa = XCConfigurationList;
			buildConfigurations = (
				DAA3B6192508093E006470AF /* Debug */,
				DAA3B61A2508093E006470AF /* Release */,
			);
			defaultConfigurationIsVisible = 0;
			defaultConfigurationName = Release;
		};
/* End XCConfigurationList section */
	};
	rootObject = DAA3B5FC2508093E006470AF /* Project object */;
}
