// !$*UTF8*$!
{
	archiveVersion = 1;
	classes = {
	};
	objectVersion = 50;
	objects = {

/* Begin PBXBuildFile section */
		D20AACDE25126776001DA334 /* AppDelegate.swift in Sources */ = {isa = PBXBuildFile; fileRef = D20AACDD25126776001DA334 /* AppDelegate.swift */; };
		D20AACE025126776001DA334 /* SceneDelegate.swift in Sources */ = {isa = PBXBuildFile; fileRef = D20AACDF25126776001DA334 /* SceneDelegate.swift */; };
		D20AACE225126776001DA334 /* ContentView.swift in Sources */ = {isa = PBXBuildFile; fileRef = D20AACE125126776001DA334 /* ContentView.swift */; };
		D20AACE425126777001DA334 /* Assets.xcassets in Resources */ = {isa = PBXBuildFile; fileRef = D20AACE325126777001DA334 /* Assets.xcassets */; };
		D20AACE725126777001DA334 /* Preview Assets.xcassets in Resources */ = {isa = PBXBuildFile; fileRef = D20AACE625126777001DA334 /* Preview Assets.xcassets */; };
		D20AACEA25126777001DA334 /* LaunchScreen.storyboard in Resources */ = {isa = PBXBuildFile; fileRef = D20AACE825126777001DA334 /* LaunchScreen.storyboard */; };
		D20AACF22512678C001DA334 /* untitled2017.swift in Sources */ = {isa = PBXBuildFile; fileRef = D20AACF12512678C001DA334 /* untitled2017.swift */; };
/* End PBXBuildFile section */

/* Begin PBXFileReference section */
		D20AACDA25126776001DA334 /* Herrera5.app */ = {isa = PBXFileReference; explicitFileType = wrapper.application; includeInIndex = 0; path = Herrera5.app; sourceTree = BUILT_PRODUCTS_DIR; };
		D20AACDD25126776001DA334 /* AppDelegate.swift */ = {isa = PBXFileReference; lastKnownFileType = sourcecode.swift; path = AppDelegate.swift; sourceTree = "<group>"; };
		D20AACDF25126776001DA334 /* SceneDelegate.swift */ = {isa = PBXFileReference; lastKnownFileType = sourcecode.swift; path = SceneDelegate.swift; sourceTree = "<group>"; };
		D20AACE125126776001DA334 /* ContentView.swift */ = {isa = PBXFileReference; lastKnownFileType = sourcecode.swift; path = ContentView.swift; sourceTree = "<group>"; };
		D20AACE325126777001DA334 /* Assets.xcassets */ = {isa = PBXFileReference; lastKnownFileType = folder.assetcatalog; path = Assets.xcassets; sourceTree = "<group>"; };
		D20AACE625126777001DA334 /* Preview Assets.xcassets */ = {isa = PBXFileReference; lastKnownFileType = folder.assetcatalog; path = "Preview Assets.xcassets"; sourceTree = "<group>"; };
		D20AACE925126777001DA334 /* Base */ = {isa = PBXFileReference; lastKnownFileType = file.storyboard; name = Base; path = Base.lproj/LaunchScreen.storyboard; sourceTree = "<group>"; };
		D20AACEB25126777001DA334 /* Info.plist */ = {isa = PBXFileReference; lastKnownFileType = text.plist.xml; path = Info.plist; sourceTree = "<group>"; };
		D20AACF12512678C001DA334 /* untitled2017.swift */ = {isa = PBXFileReference; fileEncoding = 4; lastKnownFileType = sourcecode.swift; path = untitled2017.swift; sourceTree = "<group>"; };
/* End PBXFileReference section */

/* Begin PBXFrameworksBuildPhase section */
		D20AACD725126776001DA334 /* Frameworks */ = {
			isa = PBXFrameworksBuildPhase;
			buildActionMask = 2147483647;
			files = (
			);
			runOnlyForDeploymentPostprocessing = 0;
		};
/* End PBXFrameworksBuildPhase section */

/* Begin PBXGroup section */
		D20AACD125126776001DA334 = {
			isa = PBXGroup;
			children = (
				D20AACDC25126776001DA334 /* Herrera5 */,
				D20AACDB25126776001DA334 /* Products */,
			);
			sourceTree = "<group>";
		};
		D20AACDB25126776001DA334 /* Products */ = {
			isa = PBXGroup;
			children = (
				D20AACDA25126776001DA334 /* Herrera5.app */,
			);
			name = Products;
			sourceTree = "<group>";
		};
		D20AACDC25126776001DA334 /* Herrera5 */ = {
			isa = PBXGroup;
			children = (
				D20AACDD25126776001DA334 /* AppDelegate.swift */,
				D20AACDF25126776001DA334 /* SceneDelegate.swift */,
				D20AACE125126776001DA334 /* ContentView.swift */,
				D20AACF12512678C001DA334 /* untitled2017.swift */,
				D20AACE325126777001DA334 /* Assets.xcassets */,
				D20AACE825126777001DA334 /* LaunchScreen.storyboard */,
				D20AACEB25126777001DA334 /* Info.plist */,
				D20AACE525126777001DA334 /* Preview Content */,
			);
			path = Herrera5;
			sourceTree = "<group>";
		};
		D20AACE525126777001DA334 /* Preview Content */ = {
			isa = PBXGroup;
			children = (
				D20AACE625126777001DA334 /* Preview Assets.xcassets */,
			);
			path = "Preview Content";
			sourceTree = "<group>";
		};
/* End PBXGroup section */

/* Begin PBXNativeTarget section */
		D20AACD925126776001DA334 /* Herrera5 */ = {
			isa = PBXNativeTarget;
			buildConfigurationList = D20AACEE25126777001DA334 /* Build configuration list for PBXNativeTarget "Herrera5" */;
			buildPhases = (
				D20AACD625126776001DA334 /* Sources */,
				D20AACD725126776001DA334 /* Frameworks */,
				D20AACD825126776001DA334 /* Resources */,
			);
			buildRules = (
			);
			dependencies = (
			);
			name = Herrera5;
			productName = Herrera5;
			productReference = D20AACDA25126776001DA334 /* Herrera5.app */;
			productType = "com.apple.product-type.application";
		};
/* End PBXNativeTarget section */

/* Begin PBXProject section */
		D20AACD225126776001DA334 /* Project object */ = {
			isa = PBXProject;
			attributes = {
				LastSwiftUpdateCheck = 1170;
				LastUpgradeCheck = 1170;
				ORGANIZATIONNAME = carlynorama;
				TargetAttributes = {
					D20AACD925126776001DA334 = {
						CreatedOnToolsVersion = 11.7;
					};
				};
			};
			buildConfigurationList = D20AACD525126776001DA334 /* Build configuration list for PBXProject "Herrera5" */;
			compatibilityVersion = "Xcode 9.3";
			developmentRegion = en;
			hasScannedForEncodings = 0;
			knownRegions = (
				en,
				Base,
			);
			mainGroup = D20AACD125126776001DA334;
			productRefGroup = D20AACDB25126776001DA334 /* Products */;
			projectDirPath = "";
			projectRoot = "";
			targets = (
				D20AACD925126776001DA334 /* Herrera5 */,
			);
		};
/* End PBXProject section */

/* Begin PBXResourcesBuildPhase section */
		D20AACD825126776001DA334 /* Resources */ = {
			isa = PBXResourcesBuildPhase;
			buildActionMask = 2147483647;
			files = (
				D20AACEA25126777001DA334 /* LaunchScreen.storyboard in Resources */,
				D20AACE725126777001DA334 /* Preview Assets.xcassets in Resources */,
				D20AACE425126777001DA334 /* Assets.xcassets in Resources */,
			);
			runOnlyForDeploymentPostprocessing = 0;
		};
/* End PBXResourcesBuildPhase section */

/* Begin PBXSourcesBuildPhase section */
		D20AACD625126776001DA334 /* Sources */ = {
			isa = PBXSourcesBuildPhase;
			buildActionMask = 2147483647;
			files = (
				D20AACF22512678C001DA334 /* untitled2017.swift in Sources */,
				D20AACDE25126776001DA334 /* AppDelegate.swift in Sources */,
				D20AACE025126776001DA334 /* SceneDelegate.swift in Sources */,
				D20AACE225126776001DA334 /* ContentView.swift in Sources */,
			);
			runOnlyForDeploymentPostprocessing = 0;
		};
/* End PBXSourcesBuildPhase section */

/* Begin PBXVariantGroup section */
		D20AACE825126777001DA334 /* LaunchScreen.storyboard */ = {
			isa = PBXVariantGroup;
			children = (
				D20AACE925126777001DA334 /* Base */,
			);
			name = LaunchScreen.storyboard;
			sourceTree = "<group>";
		};
/* End PBXVariantGroup section */

/* Begin XCBuildConfiguration section */
		D20AACEC25126777001DA334 /* Debug */ = {
			isa = XCBuildConfiguration;
			buildSettings = {
				ALWAYS_SEARCH_USER_PATHS = NO;
				CLANG_ANALYZER_NONNULL = YES;
				CLANG_ANALYZER_NUMBER_OBJECT_CONVERSION = YES_AGGRESSIVE;
				CLANG_CXX_LANGUAGE_STANDARD = "gnu++14";
				CLANG_CXX_LIBRARY = "libc++";
				CLANG_ENABLE_MODULES = YES;
				CLANG_ENABLE_OBJC_ARC = YES;
				CLANG_ENABLE_OBJC_WEAK = YES;
				CLANG_WARN_BLOCK_CAPTURE_AUTORELEASING = YES;
				CLANG_WARN_BOOL_CONVERSION = YES;
				CLANG_WARN_COMMA = YES;
				CLANG_WARN_CONSTANT_CONVERSION = YES;
				CLANG_WARN_DEPRECATED_OBJC_IMPLEMENTATIONS = YES;
				CLANG_WARN_DIRECT_OBJC_ISA_USAGE = YES_ERROR;
				CLANG_WARN_DOCUMENTATION_COMMENTS = YES;
				CLANG_WARN_EMPTY_BODY = YES;
				CLANG_WARN_ENUM_CONVERSION = YES;
				CLANG_WARN_INFINITE_RECURSION = YES;
				CLANG_WARN_INT_CONVERSION = YES;
				CLANG_WARN_NON_LITERAL_NULL_CONVERSION = YES;
				CLANG_WARN_OBJC_IMPLICIT_RETAIN_SELF = YES;
				CLANG_WARN_OBJC_LITERAL_CONVERSION = YES;
				CLANG_WARN_OBJC_ROOT_CLASS = YES_ERROR;
				CLANG_WARN_RANGE_LOOP_ANALYSIS = YES;
				CLANG_WARN_STRICT_PROTOTYPES = YES;
				CLANG_WARN_SUSPICIOUS_MOVE = YES;
				CLANG_WARN_UNGUARDED_AVAILABILITY = YES_AGGRESSIVE;
				CLANG_WARN_UNREACHABLE_CODE = YES;
				CLANG_WARN__DUPLICATE_METHOD_MATCH = YES;
				COPY_PHASE_STRIP = NO;
				DEBUG_INFORMATION_FORMAT = dwarf;
				ENABLE_STRICT_OBJC_MSGSEND = YES;
				ENABLE_TESTABILITY = YES;
				GCC_C_LANGUAGE_STANDARD = gnu11;
				GCC_DYNAMIC_NO_PIC = NO;
				GCC_NO_COMMON_BLOCKS = YES;
				GCC_OPTIMIZATION_LEVEL = 0;
				GCC_PREPROCESSOR_DEFINITIONS = (
					"DEBUG=1",
					"$(inherited)",
				);
				GCC_WARN_64_TO_32_BIT_CONVERSION = YES;
				GCC_WARN_ABOUT_RETURN_TYPE = YES_ERROR;
				GCC_WARN_UNDECLARED_SELECTOR = YES;
				GCC_WARN_UNINITIALIZED_AUTOS = YES_AGGRESSIVE;
				GCC_WARN_UNUSED_FUNCTION = YES;
				GCC_WARN_UNUSED_VARIABLE = YES;
				IPHONEOS_DEPLOYMENT_TARGET = 13.7;
				MTL_ENABLE_DEBUG_INFO = INCLUDE_SOURCE;
				MTL_FAST_MATH = YES;
				ONLY_ACTIVE_ARCH = YES;
				SDKROOT = iphoneos;
				SWIFT_ACTIVE_COMPILATION_CONDITIONS = DEBUG;
				SWIFT_OPTIMIZATION_LEVEL = "-Onone";
			};
			name = Debug;
		};
		D20AACED25126777001DA334 /* Release */ = {
			isa = XCBuildConfiguration;
			buildSettings = {
				ALWAYS_SEARCH_USER_PATHS = NO;
				CLANG_ANALYZER_NONNULL = YES;
				CLANG_ANALYZER_NUMBER_OBJECT_CONVERSION = YES_AGGRESSIVE;
				CLANG_CXX_LANGUAGE_STANDARD = "gnu++14";
				CLANG_CXX_LIBRARY = "libc++";
				CLANG_ENABLE_MODULES = YES;
				CLANG_ENABLE_OBJC_ARC = YES;
				CLANG_ENABLE_OBJC_WEAK = YES;
				CLANG_WARN_BLOCK_CAPTURE_AUTORELEASING = YES;
				CLANG_WARN_BOOL_CONVERSION = YES;
				CLANG_WARN_COMMA = YES;
				CLANG_WARN_CONSTANT_CONVERSION = YES;
				CLANG_WARN_DEPRECATED_OBJC_IMPLEMENTATIONS = YES;
				CLANG_WARN_DIRECT_OBJC_ISA_USAGE = YES_ERROR;
				CLANG_WARN_DOCUMENTATION_COMMENTS = YES;
				CLANG_WARN_EMPTY_BODY = YES;
				CLANG_WARN_ENUM_CONVERSION = YES;
				CLANG_WARN_INFINITE_RECURSION = YES;
				CLANG_WARN_INT_CONVERSION = YES;
				CLANG_WARN_NON_LITERAL_NULL_CONVERSION = YES;
				CLANG_WARN_OBJC_IMPLICIT_RETAIN_SELF = YES;
				CLANG_WARN_OBJC_LITERAL_CONVERSION = YES;
				CLANG_WARN_OBJC_ROOT_CLASS = YES_ERROR;
				CLANG_WARN_RANGE_LOOP_ANALYSIS = YES;
				CLANG_WARN_STRICT_PROTOTYPES = YES;
				CLANG_WARN_SUSPICIOUS_MOVE = YES;
				CLANG_WARN_UNGUARDED_AVAILABILITY = YES_AGGRESSIVE;
				CLANG_WARN_UNREACHABLE_CODE = YES;
				CLANG_WARN__DUPLICATE_METHOD_MATCH = YES;
				COPY_PHASE_STRIP = NO;
				DEBUG_INFORMATION_FORMAT = "dwarf-with-dsym";
				ENABLE_NS_ASSERTIONS = NO;
				ENABLE_STRICT_OBJC_MSGSEND = YES;
				GCC_C_LANGUAGE_STANDARD = gnu11;
				GCC_NO_COMMON_BLOCKS = YES;
				GCC_WARN_64_TO_32_BIT_CONVERSION = YES;
				GCC_WARN_ABOUT_RETURN_TYPE = YES_ERROR;
				GCC_WARN_UNDECLARED_SELECTOR = YES;
				GCC_WARN_UNINITIALIZED_AUTOS = YES_AGGRESSIVE;
				GCC_WARN_UNUSED_FUNCTION = YES;
				GCC_WARN_UNUSED_VARIABLE = YES;
				IPHONEOS_DEPLOYMENT_TARGET = 13.7;
				MTL_ENABLE_DEBUG_INFO = NO;
				MTL_FAST_MATH = YES;
				SDKROOT = iphoneos;
				SWIFT_COMPILATION_MODE = wholemodule;
				SWIFT_OPTIMIZATION_LEVEL = "-O";
				VALIDATE_PRODUCT = YES;
			};
			name = Release;
		};
		D20AACEF25126777001DA334 /* Debug */ = {
			isa = XCBuildConfiguration;
			buildSettings = {
				ASSETCATALOG_COMPILER_APPICON_NAME = AppIcon;
				CODE_SIGN_STYLE = Automatic;
				DEVELOPMENT_ASSET_PATHS = "\"Herrera5/Preview Content\"";
				ENABLE_PREVIEWS = YES;
				INFOPLIST_FILE = Herrera5/Info.plist;
				LD_RUNPATH_SEARCH_PATHS = (
					"$(inherited)",
					"@executable_path/Frameworks",
				);
				PRODUCT_BUNDLE_IDENTIFIER = com.carlynorama.Herrera5;
				PRODUCT_NAME = "$(TARGET_NAME)";
				SWIFT_VERSION = 5.0;
				TARGETED_DEVICE_FAMILY = "1,2";
			};
			name = Debug;
		};
		D20AACF025126777001DA334 /* Release */ = {
			isa = XCBuildConfiguration;
			buildSettings = {
				ASSETCATALOG_COMPILER_APPICON_NAME = AppIcon;
				CODE_SIGN_STYLE = Automatic;
				DEVELOPMENT_ASSET_PATHS = "\"Herrera5/Preview Content\"";
				ENABLE_PREVIEWS = YES;
				INFOPLIST_FILE = Herrera5/Info.plist;
				LD_RUNPATH_SEARCH_PATHS = (
					"$(inherited)",
					"@executable_path/Frameworks",
				);
				PRODUCT_BUNDLE_IDENTIFIER = com.carlynorama.Herrera5;
				PRODUCT_NAME = "$(TARGET_NAME)";
				SWIFT_VERSION = 5.0;
				TARGETED_DEVICE_FAMILY = "1,2";
			};
			name = Release;
		};
/* End XCBuildConfiguration section */

/* Begin XCConfigurationList section */
		D20AACD525126776001DA334 /* Build configuration list for PBXProject "Herrera5" */ = {
			isa = XCConfigurationList;
			buildConfigurations = (
				D20AACEC25126777001DA334 /* Debug */,
				D20AACED25126777001DA334 /* Release */,
			);
			defaultConfigurationIsVisible = 0;
			defaultConfigurationName = Release;
		};
		D20AACEE25126777001DA334 /* Build configuration list for PBXNativeTarget "Herrera5" */ = {
			isa = XCConfigurationList;
			buildConfigurations = (
				D20AACEF25126777001DA334 /* Debug */,
				D20AACF025126777001DA334 /* Release */,
			);
			defaultConfigurationIsVisible = 0;
			defaultConfigurationName = Release;
		};
/* End XCConfigurationList section */
	};
	rootObject = D20AACD225126776001DA334 /* Project object */;
}
